
Microsoft Visual Studio Solution File, Format Version 12.00
Project("{FAE04EC0-301F-11D3-BF4B-00C04F79EFBC}") = "Grapio.Provider", "Grapio.Provider\Grapio.Provider.csproj", "{24536095-65EA-466F-A58C-4019B8C908F2}"
EndProject
Project("{FAE04EC0-301F-11D3-BF4B-00C04F79EFBC}") = "Grapio.Provider.Tests", "Grapio.Provider.Tests\Grapio.Provider.Tests.csproj", "{A18C5D41-ACCD-4EDB-B243-46F44145762C}"
EndProject
Project("{FAE04EC0-301F-11D3-BF4B-00C04F79EFBC}") = "Grapio.Console", "Grapio.Console\Grapio.Console.csproj", "{E17B2AAA-8941-4DB9-BA85-75AADF03A71C}"
EndProject
Global
	GlobalSection(SolutionConfigurationPlatforms) = preSolution
		Debug|Any CPU = Debug|Any CPU
		Release|Any CPU = Release|Any CPU
	EndGlobalSection
	GlobalSection(ProjectConfigurationPlatforms) = postSolution
		{24536095-65EA-466F-A58C-4019B8C908F2}.Debug|Any CPU.ActiveCfg = Debug|Any CPU
		{24536095-65EA-466F-A58C-4019B8C908F2}.Debug|Any CPU.Build.0 = Debug|Any CPU
		{24536095-65EA-466F-A58C-4019B8C908F2}.Release|Any CPU.ActiveCfg = Release|Any CPU
		{24536095-65EA-466F-A58C-4019B8C908F2}.Release|Any CPU.Build.0 = Release|Any CPU
		{A18C5D41-ACCD-4EDB-B243-46F44145762C}.Debug|Any CPU.ActiveCfg = Debug|Any CPU
		{A18C5D41-ACCD-4EDB-B243-46F44145762C}.Debug|Any CPU.Build.0 = Debug|Any CPU
		{A18C5D41-ACCD-4EDB-B243-46F44145762C}.Release|Any CPU.ActiveCfg = Release|Any CPU
		{A18C5D41-ACCD-4EDB-B243-46F44145762C}.Release|Any CPU.Build.0 = Release|Any CPU
		{E17B2AAA-8941-4DB9-BA85-75AADF03A71C}.Debug|Any CPU.ActiveCfg = Debug|Any CPU
		{E17B2AAA-8941-4DB9-BA85-75AADF03A71C}.Debug|Any CPU.Build.0 = Debug|Any CPU
		{E17B2AAA-8941-4DB9-BA85-75AADF03A71C}.Release|Any CPU.ActiveCfg = Release|Any CPU
		{E17B2AAA-8941-4DB9-BA85-75AADF03A71C}.Release|Any CPU.Build.0 = Release|Any CPU
	EndGlobalSection
EndGlobal
